
Microsoft Visual Studio Solution File, Format Version 10.00
# Visual C++ Express 2008
Project("{8BC9CEB8-8B4A-11D0-8D11-00A0C91BC942}") = "opportunity", "opportunity\opportunity.vcproj", "{886A8BAA-B144-4168-B7B9-4C76EB28D878}"
EndProject
Global
	GlobalSection(SolutionConfigurationPlatforms) = preSolution
		Debug|Win32 = Debug|Win32
		Release|Win32 = Release|Win32
	EndGlobalSection
	GlobalSection(ProjectConfigurationPlatforms) = postSolution
		{886A8BAA-B144-4168-B7B9-4C76EB28D878}.Debug|Win32.ActiveCfg = Debug|Win32
		{886A8BAA-B144-4168-B7B9-4C76EB28D878}.Debug|Win32.Build.0 = Debug|Win32
		{886A8BAA-B144-4168-B7B9-4C76EB28D878}.Release|Win32.ActiveCfg = Release|Win32
		{886A8BAA-B144-4168-B7B9-4C76EB28D878}.Release|Win32.Build.0 = Release|Win32
	EndGlobalSection
	GlobalSection(SolutionProperties) = preSolution
		HideSolutionNode = FALSE
	EndGlobalSection
EndGlobal
