
Microsoft Visual Studio Solution File, Format Version 10.00
# Visual C++ Express 2008
Project("{8BC9CEB8-8B4A-11D0-8D11-00A0C91BC942}") = "modOtDenisa", "modOtDenisa\modOtDenisa.vcproj", "{93A6979D-D256-4FDF-857C-F6C18B2EAF13}"
EndProject
Global
	GlobalSection(SolutionConfigurationPlatforms) = preSolution
		Debug|Win32 = Debug|Win32
		Release|Win32 = Release|Win32
	EndGlobalSection
	GlobalSection(ProjectConfigurationPlatforms) = postSolution
		{93A6979D-D256-4FDF-857C-F6C18B2EAF13}.Debug|Win32.ActiveCfg = Debug|Win32
		{93A6979D-D256-4FDF-857C-F6C18B2EAF13}.Debug|Win32.Build.0 = Debug|Win32
		{93A6979D-D256-4FDF-857C-F6C18B2EAF13}.Release|Win32.ActiveCfg = Release|Win32
		{93A6979D-D256-4FDF-857C-F6C18B2EAF13}.Release|Win32.Build.0 = Release|Win32
	EndGlobalSection
	GlobalSection(SolutionProperties) = preSolution
		HideSolutionNode = FALSE
	EndGlobalSection
EndGlobal
