
Microsoft Visual Studio Solution File, Format Version 12.00
# Visual Studio 14
VisualStudioVersion = 14.0.25420.1
MinimumVisualStudioVersion = 10.0.40219.1
Project("{8BC9CEB8-8B4A-11D0-8D11-00A0C91BC942}") = "WndBtn_MFC", "WndBtn_MFC\WndBtn_MFC.vcxproj", "{239947FE-F0ED-4455-A207-A16C2E78B9E1}"
EndProject
Global
	GlobalSection(SolutionConfigurationPlatforms) = preSolution
		Debug|Win32 = Debug|Win32
		Debug|x64 = Debug|x64
		Debug|x86 = Debug|x86
		Release|Win32 = Release|Win32
		Release|x64 = Release|x64
		Release|x86 = Release|x86
	EndGlobalSection
	GlobalSection(ProjectConfigurationPlatforms) = postSolution
		{239947FE-F0ED-4455-A207-A16C2E78B9E1}.Debug|Win32.ActiveCfg = Debug|Win32
		{239947FE-F0ED-4455-A207-A16C2E78B9E1}.Debug|Win32.Build.0 = Debug|Win32
		{239947FE-F0ED-4455-A207-A16C2E78B9E1}.Debug|x64.ActiveCfg = Debug|x64
		{239947FE-F0ED-4455-A207-A16C2E78B9E1}.Debug|x64.Build.0 = Debug|x64
		{239947FE-F0ED-4455-A207-A16C2E78B9E1}.Debug|x86.ActiveCfg = Debug|Win32
		{239947FE-F0ED-4455-A207-A16C2E78B9E1}.Debug|x86.Build.0 = Debug|Win32
		{239947FE-F0ED-4455-A207-A16C2E78B9E1}.Release|Win32.ActiveCfg = Release|Win32
		{239947FE-F0ED-4455-A207-A16C2E78B9E1}.Release|Win32.Build.0 = Release|Win32
		{239947FE-F0ED-4455-A207-A16C2E78B9E1}.Release|x64.ActiveCfg = Release|x64
		{239947FE-F0ED-4455-A207-A16C2E78B9E1}.Release|x64.Build.0 = Release|x64
		{239947FE-F0ED-4455-A207-A16C2E78B9E1}.Release|x86.ActiveCfg = Release|Win32
		{239947FE-F0ED-4455-A207-A16C2E78B9E1}.Release|x86.Build.0 = Release|Win32
	EndGlobalSection
	GlobalSection(SolutionProperties) = preSolution
		HideSolutionNode = FALSE
	EndGlobalSection
EndGlobal
