
Microsoft Visual Studio Solution File, Format Version 10.00
# Visual C++ Express 2008
Project("{8BC9CEB8-8B4A-11D0-8D11-00A0C91BC942}") = "string", "string\string.vcproj", "{A53A1844-9F0B-489E-B42B-B5FC506E4044}"
EndProject
Global
	GlobalSection(SolutionConfigurationPlatforms) = preSolution
		Debug|Win32 = Debug|Win32
		Release|Win32 = Release|Win32
	EndGlobalSection
	GlobalSection(ProjectConfigurationPlatforms) = postSolution
		{A53A1844-9F0B-489E-B42B-B5FC506E4044}.Debug|Win32.ActiveCfg = Debug|Win32
		{A53A1844-9F0B-489E-B42B-B5FC506E4044}.Debug|Win32.Build.0 = Debug|Win32
		{A53A1844-9F0B-489E-B42B-B5FC506E4044}.Release|Win32.ActiveCfg = Release|Win32
		{A53A1844-9F0B-489E-B42B-B5FC506E4044}.Release|Win32.Build.0 = Release|Win32
	EndGlobalSection
	GlobalSection(SolutionProperties) = preSolution
		HideSolutionNode = FALSE
	EndGlobalSection
EndGlobal
