
Microsoft Visual Studio Solution File, Format Version 10.00
# Visual C++ Express 2008
Project("{8BC9CEB8-8B4A-11D0-8D11-00A0C91BC942}") = "SaveDate", "SaveDate\SaveDate.vcproj", "{AE07CF02-0DBB-41E0-A57D-38BA35ED5109}"
EndProject
Global
	GlobalSection(SolutionConfigurationPlatforms) = preSolution
		Debug|Win32 = Debug|Win32
		Release|Win32 = Release|Win32
	EndGlobalSection
	GlobalSection(ProjectConfigurationPlatforms) = postSolution
		{AE07CF02-0DBB-41E0-A57D-38BA35ED5109}.Debug|Win32.ActiveCfg = Debug|Win32
		{AE07CF02-0DBB-41E0-A57D-38BA35ED5109}.Debug|Win32.Build.0 = Debug|Win32
		{AE07CF02-0DBB-41E0-A57D-38BA35ED5109}.Release|Win32.ActiveCfg = Release|Win32
		{AE07CF02-0DBB-41E0-A57D-38BA35ED5109}.Release|Win32.Build.0 = Release|Win32
	EndGlobalSection
	GlobalSection(SolutionProperties) = preSolution
		HideSolutionNode = FALSE
	EndGlobalSection
EndGlobal
