
Microsoft Visual Studio Solution File, Format Version 12.00
# Visual Studio 14
VisualStudioVersion = 14.0.25420.1
MinimumVisualStudioVersion = 10.0.40219.1
Project("{8BC9CEB8-8B4A-11D0-8D11-00A0C91BC942}") = "1Draw_character", "Draw_character\Draw_character.vcxproj", "{81439FF9-FA53-46E2-811E-303C9CFBE55C}"
EndProject
Project("{8BC9CEB8-8B4A-11D0-8D11-00A0C91BC942}") = "3PrintSquare", "3PrintSquare\3PrintSquare.vcxproj", "{F63261B6-5EEA-4989-9F9F-A241A7E71B05}"
EndProject
Project("{8BC9CEB8-8B4A-11D0-8D11-00A0C91BC942}") = "4RandomNumbers", "4RandomNumbers\4RandomNumbers.vcxproj", "{035C0321-6607-4B31-88E2-14D1FA28EFFA}"
EndProject
Project("{8BC9CEB8-8B4A-11D0-8D11-00A0C91BC942}") = "5CalcFactorial", "5CalcFactorial\5CalcFactorial.vcxproj", "{CD144182-5D7C-47BE-973E-E95AD951C11B}"
EndProject
Project("{8BC9CEB8-8B4A-11D0-8D11-00A0C91BC942}") = "10SortArrIJ", "10SortArrIJ\10SortArrIJ.vcxproj", "{1F68E0C8-83C7-4D0E-85B0-ECB071E12D80}"
EndProject
Project("{8BC9CEB8-8B4A-11D0-8D11-00A0C91BC942}") = "6Template", "6Template\6Template.vcxproj", "{A56107B0-9D2F-4A66-BB30-E3841516CCD3}"
EndProject
Project("{8BC9CEB8-8B4A-11D0-8D11-00A0C91BC942}") = "2COUT", "2COUT\2COUT.vcxproj", "{E2BA3966-10BC-4759-864B-CC062F23FD58}"
EndProject
Project("{8BC9CEB8-8B4A-11D0-8D11-00A0C91BC942}") = "11Class_Time", "Class_Time\Class_Time.vcxproj", "{6ADCDAD9-DF57-4537-B1F4-189FE67A6A48}"
EndProject
Project("{8BC9CEB8-8B4A-11D0-8D11-00A0C91BC942}") = "Caesar_cipher", "Caesar_cipher\Caesar_cipher.vcxproj", "{95A41180-D448-4B94-AC61-62BD6C80284B}"
EndProject
Global
	GlobalSection(SolutionConfigurationPlatforms) = preSolution
		Debug|x64 = Debug|x64
		Debug|x86 = Debug|x86
		Release|x64 = Release|x64
		Release|x86 = Release|x86
	EndGlobalSection
	GlobalSection(ProjectConfigurationPlatforms) = postSolution
		{81439FF9-FA53-46E2-811E-303C9CFBE55C}.Debug|x64.ActiveCfg = Debug|x64
		{81439FF9-FA53-46E2-811E-303C9CFBE55C}.Debug|x64.Build.0 = Debug|x64
		{81439FF9-FA53-46E2-811E-303C9CFBE55C}.Debug|x86.ActiveCfg = Debug|Win32
		{81439FF9-FA53-46E2-811E-303C9CFBE55C}.Debug|x86.Build.0 = Debug|Win32
		{81439FF9-FA53-46E2-811E-303C9CFBE55C}.Release|x64.ActiveCfg = Release|x64
		{81439FF9-FA53-46E2-811E-303C9CFBE55C}.Release|x64.Build.0 = Release|x64
		{81439FF9-FA53-46E2-811E-303C9CFBE55C}.Release|x86.ActiveCfg = Release|Win32
		{81439FF9-FA53-46E2-811E-303C9CFBE55C}.Release|x86.Build.0 = Release|Win32
		{F63261B6-5EEA-4989-9F9F-A241A7E71B05}.Debug|x64.ActiveCfg = Debug|x64
		{F63261B6-5EEA-4989-9F9F-A241A7E71B05}.Debug|x64.Build.0 = Debug|x64
		{F63261B6-5EEA-4989-9F9F-A241A7E71B05}.Debug|x86.ActiveCfg = Debug|Win32
		{F63261B6-5EEA-4989-9F9F-A241A7E71B05}.Debug|x86.Build.0 = Debug|Win32
		{F63261B6-5EEA-4989-9F9F-A241A7E71B05}.Release|x64.ActiveCfg = Release|x64
		{F63261B6-5EEA-4989-9F9F-A241A7E71B05}.Release|x64.Build.0 = Release|x64
		{F63261B6-5EEA-4989-9F9F-A241A7E71B05}.Release|x86.ActiveCfg = Release|Win32
		{F63261B6-5EEA-4989-9F9F-A241A7E71B05}.Release|x86.Build.0 = Release|Win32
		{035C0321-6607-4B31-88E2-14D1FA28EFFA}.Debug|x64.ActiveCfg = Debug|x64
		{035C0321-6607-4B31-88E2-14D1FA28EFFA}.Debug|x64.Build.0 = Debug|x64
		{035C0321-6607-4B31-88E2-14D1FA28EFFA}.Debug|x86.ActiveCfg = Debug|Win32
		{035C0321-6607-4B31-88E2-14D1FA28EFFA}.Debug|x86.Build.0 = Debug|Win32
		{035C0321-6607-4B31-88E2-14D1FA28EFFA}.Release|x64.ActiveCfg = Release|x64
		{035C0321-6607-4B31-88E2-14D1FA28EFFA}.Release|x64.Build.0 = Release|x64
		{035C0321-6607-4B31-88E2-14D1FA28EFFA}.Release|x86.ActiveCfg = Release|Win32
		{035C0321-6607-4B31-88E2-14D1FA28EFFA}.Release|x86.Build.0 = Release|Win32
		{CD144182-5D7C-47BE-973E-E95AD951C11B}.Debug|x64.ActiveCfg = Debug|x64
		{CD144182-5D7C-47BE-973E-E95AD951C11B}.Debug|x64.Build.0 = Debug|x64
		{CD144182-5D7C-47BE-973E-E95AD951C11B}.Debug|x86.ActiveCfg = Debug|Win32
		{CD144182-5D7C-47BE-973E-E95AD951C11B}.Debug|x86.Build.0 = Debug|Win32
		{CD144182-5D7C-47BE-973E-E95AD951C11B}.Release|x64.ActiveCfg = Release|x64
		{CD144182-5D7C-47BE-973E-E95AD951C11B}.Release|x64.Build.0 = Release|x64
		{CD144182-5D7C-47BE-973E-E95AD951C11B}.Release|x86.ActiveCfg = Release|Win32
		{CD144182-5D7C-47BE-973E-E95AD951C11B}.Release|x86.Build.0 = Release|Win32
		{1F68E0C8-83C7-4D0E-85B0-ECB071E12D80}.Debug|x64.ActiveCfg = Debug|x64
		{1F68E0C8-83C7-4D0E-85B0-ECB071E12D80}.Debug|x64.Build.0 = Debug|x64
		{1F68E0C8-83C7-4D0E-85B0-ECB071E12D80}.Debug|x86.ActiveCfg = Debug|Win32
		{1F68E0C8-83C7-4D0E-85B0-ECB071E12D80}.Debug|x86.Build.0 = Debug|Win32
		{1F68E0C8-83C7-4D0E-85B0-ECB071E12D80}.Release|x64.ActiveCfg = Release|x64
		{1F68E0C8-83C7-4D0E-85B0-ECB071E12D80}.Release|x64.Build.0 = Release|x64
		{1F68E0C8-83C7-4D0E-85B0-ECB071E12D80}.Release|x86.ActiveCfg = Release|Win32
		{1F68E0C8-83C7-4D0E-85B0-ECB071E12D80}.Release|x86.Build.0 = Release|Win32
		{A56107B0-9D2F-4A66-BB30-E3841516CCD3}.Debug|x64.ActiveCfg = Debug|x64
		{A56107B0-9D2F-4A66-BB30-E3841516CCD3}.Debug|x64.Build.0 = Debug|x64
		{A56107B0-9D2F-4A66-BB30-E3841516CCD3}.Debug|x86.ActiveCfg = Debug|Win32
		{A56107B0-9D2F-4A66-BB30-E3841516CCD3}.Debug|x86.Build.0 = Debug|Win32
		{A56107B0-9D2F-4A66-BB30-E3841516CCD3}.Release|x64.ActiveCfg = Release|x64
		{A56107B0-9D2F-4A66-BB30-E3841516CCD3}.Release|x64.Build.0 = Release|x64
		{A56107B0-9D2F-4A66-BB30-E3841516CCD3}.Release|x86.ActiveCfg = Release|Win32
		{A56107B0-9D2F-4A66-BB30-E3841516CCD3}.Release|x86.Build.0 = Release|Win32
		{E2BA3966-10BC-4759-864B-CC062F23FD58}.Debug|x64.ActiveCfg = Debug|x64
		{E2BA3966-10BC-4759-864B-CC062F23FD58}.Debug|x64.Build.0 = Debug|x64
		{E2BA3966-10BC-4759-864B-CC062F23FD58}.Debug|x86.ActiveCfg = Debug|Win32
		{E2BA3966-10BC-4759-864B-CC062F23FD58}.Debug|x86.Build.0 = Debug|Win32
		{E2BA3966-10BC-4759-864B-CC062F23FD58}.Release|x64.ActiveCfg = Release|x64
		{E2BA3966-10BC-4759-864B-CC062F23FD58}.Release|x64.Build.0 = Release|x64
		{E2BA3966-10BC-4759-864B-CC062F23FD58}.Release|x86.ActiveCfg = Release|Win32
		{E2BA3966-10BC-4759-864B-CC062F23FD58}.Release|x86.Build.0 = Release|Win32
		{6ADCDAD9-DF57-4537-B1F4-189FE67A6A48}.Debug|x64.ActiveCfg = Debug|x64
		{6ADCDAD9-DF57-4537-B1F4-189FE67A6A48}.Debug|x64.Build.0 = Debug|x64
		{6ADCDAD9-DF57-4537-B1F4-189FE67A6A48}.Debug|x86.ActiveCfg = Debug|Win32
		{6ADCDAD9-DF57-4537-B1F4-189FE67A6A48}.Debug|x86.Build.0 = Debug|Win32
		{6ADCDAD9-DF57-4537-B1F4-189FE67A6A48}.Release|x64.ActiveCfg = Release|x64
		{6ADCDAD9-DF57-4537-B1F4-189FE67A6A48}.Release|x64.Build.0 = Release|x64
		{6ADCDAD9-DF57-4537-B1F4-189FE67A6A48}.Release|x86.ActiveCfg = Release|Win32
		{6ADCDAD9-DF57-4537-B1F4-189FE67A6A48}.Release|x86.Build.0 = Release|Win32
		{95A41180-D448-4B94-AC61-62BD6C80284B}.Debug|x64.ActiveCfg = Debug|x64
		{95A41180-D448-4B94-AC61-62BD6C80284B}.Debug|x64.Build.0 = Debug|x64
		{95A41180-D448-4B94-AC61-62BD6C80284B}.Debug|x86.ActiveCfg = Debug|Win32
		{95A41180-D448-4B94-AC61-62BD6C80284B}.Debug|x86.Build.0 = Debug|Win32
		{95A41180-D448-4B94-AC61-62BD6C80284B}.Release|x64.ActiveCfg = Release|x64
		{95A41180-D448-4B94-AC61-62BD6C80284B}.Release|x64.Build.0 = Release|x64
		{95A41180-D448-4B94-AC61-62BD6C80284B}.Release|x86.ActiveCfg = Release|Win32
		{95A41180-D448-4B94-AC61-62BD6C80284B}.Release|x86.Build.0 = Release|Win32
	EndGlobalSection
	GlobalSection(SolutionProperties) = preSolution
		HideSolutionNode = FALSE
	EndGlobalSection
EndGlobal
