
Microsoft Visual Studio Solution File, Format Version 10.00
# Visual C++ Express 2008
Project("{8BC9CEB8-8B4A-11D0-8D11-00A0C91BC942}") = "nod", "nod\nod.vcproj", "{15CA589C-99BB-4C90-BD3D-7DAD0959E568}"
EndProject
Project("{8BC9CEB8-8B4A-11D0-8D11-00A0C91BC942}") = "nok", "nok\nok.vcproj", "{A5501F5B-7429-46DC-9965-905A84FB0E3E}"
EndProject
Global
	GlobalSection(SolutionConfigurationPlatforms) = preSolution
		Debug|Win32 = Debug|Win32
		Release|Win32 = Release|Win32
	EndGlobalSection
	GlobalSection(ProjectConfigurationPlatforms) = postSolution
		{15CA589C-99BB-4C90-BD3D-7DAD0959E568}.Debug|Win32.ActiveCfg = Debug|Win32
		{15CA589C-99BB-4C90-BD3D-7DAD0959E568}.Debug|Win32.Build.0 = Debug|Win32
		{15CA589C-99BB-4C90-BD3D-7DAD0959E568}.Release|Win32.ActiveCfg = Release|Win32
		{15CA589C-99BB-4C90-BD3D-7DAD0959E568}.Release|Win32.Build.0 = Release|Win32
		{A5501F5B-7429-46DC-9965-905A84FB0E3E}.Debug|Win32.ActiveCfg = Debug|Win32
		{A5501F5B-7429-46DC-9965-905A84FB0E3E}.Debug|Win32.Build.0 = Debug|Win32
		{A5501F5B-7429-46DC-9965-905A84FB0E3E}.Release|Win32.ActiveCfg = Release|Win32
		{A5501F5B-7429-46DC-9965-905A84FB0E3E}.Release|Win32.Build.0 = Release|Win32
	EndGlobalSection
	GlobalSection(SolutionProperties) = preSolution
		HideSolutionNode = FALSE
	EndGlobalSection
EndGlobal
